
Microsoft Visual Studio Solution File, Format Version 12.00
# Visual Studio Version 16
VisualStudioVersion = 16.0.29324.140
MinimumVisualStudioVersion = 10.0.40219.1
Project("{FAE04EC0-301F-11D3-BF4B-00C04F79EFBC}") = "Assignment1", "Assignment1\Assignment1.csproj", "{43C24540-11E1-4B87-A62D-E9D5DDDDA979}"
EndProject
Global
	GlobalSection(SolutionConfigurationPlatforms) = preSolution
		Debug|Any CPU = Debug|Any CPU
		Release|Any CPU = Release|Any CPU
	EndGlobalSection
	GlobalSection(ProjectConfigurationPlatforms) = postSolution
		{43C24540-11E1-4B87-A62D-E9D5DDDDA979}.Debug|Any CPU.ActiveCfg = Debug|Any CPU
		{43C24540-11E1-4B87-A62D-E9D5DDDDA979}.Debug|Any CPU.Build.0 = Debug|Any CPU
		{43C24540-11E1-4B87-A62D-E9D5DDDDA979}.Release|Any CPU.ActiveCfg = Release|Any CPU
		{43C24540-11E1-4B87-A62D-E9D5DDDDA979}.Release|Any CPU.Build.0 = Release|Any CPU
	EndGlobalSection
	GlobalSection(SolutionProperties) = preSolution
		HideSolutionNode = FALSE
	EndGlobalSection
	GlobalSection(ExtensibilityGlobals) = postSolution
		SolutionGuid = {E42998AE-043A-4FE8-89D0-13CB98444E18}
	EndGlobalSection
EndGlobal
